
Microsoft Visual Studio Solution File, Format Version 12.00
# Visual Studio 15
VisualStudioVersion = 15.0.28307.168
MinimumVisualStudioVersion = 10.0.40219.1
Project("{FAE04EC0-301F-11D3-BF4B-00C04F79EFBC}") = "GRCWebsite", "GRCWebsite\GRCWebsite.csproj", "{4A891E2B-AF7F-408A-8232-E8D1D45487B6}"
EndProject
Project("{FAE04EC0-301F-11D3-BF4B-00C04F79EFBC}") = "GRCWebsite.Tests", "GRCWebsite.Tests\GRCWebsite.Tests.csproj", "{30ADD39C-C0F9-418D-A9B6-E82F6750F5C8}"
EndProject
Project("{00D1A9C2-B5F0-4AF3-8072-F6C62B433612}") = "GRCDB", "GRCDB\GRCDB.sqlproj", "{B217E9D0-1897-47C1-B786-F62379B6C05F}"
EndProject
Global
	GlobalSection(SolutionConfigurationPlatforms) = preSolution
		Debug|Any CPU = Debug|Any CPU
		Release|Any CPU = Release|Any CPU
	EndGlobalSection
	GlobalSection(ProjectConfigurationPlatforms) = postSolution
		{4A891E2B-AF7F-408A-8232-E8D1D45487B6}.Debug|Any CPU.ActiveCfg = Debug|Any CPU
		{4A891E2B-AF7F-408A-8232-E8D1D45487B6}.Debug|Any CPU.Build.0 = Debug|Any CPU
		{4A891E2B-AF7F-408A-8232-E8D1D45487B6}.Release|Any CPU.ActiveCfg = Release|Any CPU
		{4A891E2B-AF7F-408A-8232-E8D1D45487B6}.Release|Any CPU.Build.0 = Release|Any CPU
		{30ADD39C-C0F9-418D-A9B6-E82F6750F5C8}.Debug|Any CPU.ActiveCfg = Debug|Any CPU
		{30ADD39C-C0F9-418D-A9B6-E82F6750F5C8}.Debug|Any CPU.Build.0 = Debug|Any CPU
		{30ADD39C-C0F9-418D-A9B6-E82F6750F5C8}.Release|Any CPU.ActiveCfg = Release|Any CPU
		{30ADD39C-C0F9-418D-A9B6-E82F6750F5C8}.Release|Any CPU.Build.0 = Release|Any CPU
		{B217E9D0-1897-47C1-B786-F62379B6C05F}.Debug|Any CPU.ActiveCfg = Debug|Any CPU
		{B217E9D0-1897-47C1-B786-F62379B6C05F}.Debug|Any CPU.Build.0 = Debug|Any CPU
		{B217E9D0-1897-47C1-B786-F62379B6C05F}.Debug|Any CPU.Deploy.0 = Debug|Any CPU
		{B217E9D0-1897-47C1-B786-F62379B6C05F}.Release|Any CPU.ActiveCfg = Release|Any CPU
		{B217E9D0-1897-47C1-B786-F62379B6C05F}.Release|Any CPU.Build.0 = Release|Any CPU
		{B217E9D0-1897-47C1-B786-F62379B6C05F}.Release|Any CPU.Deploy.0 = Release|Any CPU
	EndGlobalSection
	GlobalSection(SolutionProperties) = preSolution
		HideSolutionNode = FALSE
	EndGlobalSection
	GlobalSection(ExtensibilityGlobals) = postSolution
		SolutionGuid = {F9E7DB6B-04BA-4673-8770-5642914AA8E3}
	EndGlobalSection
EndGlobal
